github.com/alecthomas/assert/v2 v2.11.0 h1:2Q9r3ki8+JYXvGsDyBXwH3LcJ+WK5D0gc5E8vS6K3D0=
github.com/alecthomas/assert/v2 v2.11.0/go.mod h1:Bze95FyfUr7x34QZrjL+XP+0qgp/zg8yS+TtBj1WA3k=
github.com/alecthomas/kong v1.16.0 h1:g92/kUxBcdcTPOM79yE63viJgtcp5dNyrB3/O2cjYT4=
github.com/alecthomas/kong v1.16.0/go.mod h1:wrlbXem1CWqUV5Vbmss5ISYhsVPkBb1Yo7YKJghju2I=
github.com/alecthomas/repr v0.5.2 h1:SU73FTI9D1P5UNtvseffFSGmdNci/O6RsqzeXJtP0Qs=
github.com/alecthomas/repr v0.5.2/go.mod h1:Fr0507jx4eOXV7AlPV6AVZLYrLIuIeSOWtW57eE/O/4=
github.com/hexops/gotextdiff v1.0.3 h1:gitA9+qJrrTCsiCl7+kh75nPqQt1cx4ZkudSTLoUqJM=
github.com/hexops/gotextdiff v1.0.3/go.mod h1:pSWU5MAI3yDq+fZBTazCSJysOMbxWL1BSow5/V2vxeg=
go.yaml.in/yaml/v2 v2.4.2 h1:DzmwEr2rDGHl7lsFgAHxmNz/1NlQ7xLIrlN2h5d1eGI=
go.yaml.in/yaml/v2 v2.4.2/go.mod h1:081UH+NErpNdqlCXm3TtEran0rJZGxAYx9hb/ELlsPU=
golang.org/x/image v0.44.0 h1:+tDekMZED9+LrtB3G5xzRggpVh9CARjZqROla3R3R+I=
golang.org/x/image v0.44.0/go.mod h1:V8K3KE9KKKE+pLpQDOeN18w9oacNSvy1tDOirTu4xtY=
gopkg.in/check.v1 v0.0.0-20161208181325-20d25e280405/go.mod h1:Co6ibVJAznAaIkqp8huTwlJQCZ016jof/cbN4VW5Yz0=
mvdan.cc/sh/v3 v3.13.1 h1:DP3TfgZhDkT7lerUdnp6PTGKyxxzz6T+cOlY/xEvfWk=
mvdan.cc/sh/v3 v3.13.1/go.mod h1:lXJ8SexMvEVcHCoDvAGLZgFJ9Wsm2sulmoNEXGhYZD0=
sigs.k8s.io/yaml v1.6.0 h1:G8fkbMSAFqgEFgh4b1wmtzDnioxFCUgTZhlbj5P9QYs=
sigs.k8s.io/yaml v1.6.0/go.mod h1:796bPqUfzR/0jLAl6XjHl3Ck7MiyVv8dbTdyT3/pMf4=
